
Microsoft Visual Studio Solution File, Format Version 12.00
# Visual Studio Version 17
VisualStudioVersion = 17.2.32630.192
MinimumVisualStudioVersion = 10.0.40219.1
Project("{FAE04EC0-301F-11D3-BF4B-00C04F79EFBC}") = "Launcher", "Launcher.csproj", "{996B3FC9-9BAC-453A-BB9C-9539ADC71D16}"
EndProject
Global
	GlobalSection(SolutionConfigurationPlatforms) = preSolution
		Debug|Any CPU = Debug|Any CPU
		Release|Any CPU = Release|Any CPU
	EndGlobalSection
	GlobalSection(ProjectConfigurationPlatforms) = postSolution
		{996B3FC9-9BAC-453A-BB9C-9539ADC71D16}.Debug|Any CPU.ActiveCfg = Debug|Any CPU
		{996B3FC9-9BAC-453A-BB9C-9539ADC71D16}.Debug|Any CPU.Build.0 = Debug|Any CPU
		{996B3FC9-9BAC-453A-BB9C-9539ADC71D16}.Release|Any CPU.ActiveCfg = Release|Any CPU
		{996B3FC9-9BAC-453A-BB9C-9539ADC71D16}.Release|Any CPU.Build.0 = Release|Any CPU
	EndGlobalSection
	GlobalSection(SolutionProperties) = preSolution
		HideSolutionNode = FALSE
	EndGlobalSection
	GlobalSection(ExtensibilityGlobals) = postSolution
		SolutionGuid = {F975CAA1-7D5B-4F5A-9D33-57C3B8985F3C}
	EndGlobalSection
EndGlobal
